
Microsoft Visual Studio Solution File, Format Version 12.00
# Visual Studio Version 17
VisualStudioVersion = 17.5.33424.131
MinimumVisualStudioVersion = 10.0.40219.1
Project("{FAE04EC0-301F-11D3-BF4B-00C04F79EFBC}") = "MagicVilla_API", "MagicVilla_API\MagicVilla_API.csproj", "{F33B085D-E2B5-45D8-9430-E430E5C3B7AD}"
EndProject
Global
	GlobalSection(SolutionConfigurationPlatforms) = preSolution
		Debug|Any CPU = Debug|Any CPU
		Release|Any CPU = Release|Any CPU
	EndGlobalSection
	GlobalSection(ProjectConfigurationPlatforms) = postSolution
		{F33B085D-E2B5-45D8-9430-E430E5C3B7AD}.Debug|Any CPU.ActiveCfg = Debug|Any CPU
		{F33B085D-E2B5-45D8-9430-E430E5C3B7AD}.Debug|Any CPU.Build.0 = Debug|Any CPU
		{F33B085D-E2B5-45D8-9430-E430E5C3B7AD}.Release|Any CPU.ActiveCfg = Release|Any CPU
		{F33B085D-E2B5-45D8-9430-E430E5C3B7AD}.Release|Any CPU.Build.0 = Release|Any CPU
	EndGlobalSection
	GlobalSection(SolutionProperties) = preSolution
		HideSolutionNode = FALSE
	EndGlobalSection
	GlobalSection(ExtensibilityGlobals) = postSolution
		SolutionGuid = {FD85369A-6C98-4076-8EE6-F8F0BD6E1DDC}
	EndGlobalSection
EndGlobal
